
Microsoft Visual Studio Solution File, Format Version 12.00
# Visual Studio 15
VisualStudioVersion = 15.0.27428.2011
MinimumVisualStudioVersion = 10.0.40219.1
Project("{FAE04EC0-301F-11D3-BF4B-00C04F79EFBC}") = "LemonadeStand", "LemonadeStand2\LemonadeStand.csproj", "{AC19512B-63B7-4B91-B708-557D659FCE66}"
EndProject
Project("{FAE04EC0-301F-11D3-BF4B-00C04F79EFBC}") = "UnitTestProject", "UnitTestProject2\UnitTestProject.csproj", "{146E4827-7209-40FD-9E70-5EC1D72F9F03}"
EndProject
Global
	GlobalSection(SolutionConfigurationPlatforms) = preSolution
		Debug|Any CPU = Debug|Any CPU
		Release|Any CPU = Release|Any CPU
	EndGlobalSection
	GlobalSection(ProjectConfigurationPlatforms) = postSolution
		{AC19512B-63B7-4B91-B708-557D659FCE66}.Debug|Any CPU.ActiveCfg = Debug|Any CPU
		{AC19512B-63B7-4B91-B708-557D659FCE66}.Debug|Any CPU.Build.0 = Debug|Any CPU
		{AC19512B-63B7-4B91-B708-557D659FCE66}.Release|Any CPU.ActiveCfg = Release|Any CPU
		{AC19512B-63B7-4B91-B708-557D659FCE66}.Release|Any CPU.Build.0 = Release|Any CPU
		{146E4827-7209-40FD-9E70-5EC1D72F9F03}.Debug|Any CPU.ActiveCfg = Debug|Any CPU
		{146E4827-7209-40FD-9E70-5EC1D72F9F03}.Debug|Any CPU.Build.0 = Debug|Any CPU
		{146E4827-7209-40FD-9E70-5EC1D72F9F03}.Release|Any CPU.ActiveCfg = Release|Any CPU
		{146E4827-7209-40FD-9E70-5EC1D72F9F03}.Release|Any CPU.Build.0 = Release|Any CPU
	EndGlobalSection
	GlobalSection(SolutionProperties) = preSolution
		HideSolutionNode = FALSE
	EndGlobalSection
	GlobalSection(ExtensibilityGlobals) = postSolution
		SolutionGuid = {9C083E32-71CE-40BA-8BCB-ECD90C33ABBB}
	EndGlobalSection
EndGlobal
